
Microsoft Visual Studio Solution File, Format Version 12.00
# Visual Studio Version 17
VisualStudioVersion = 17.1.32319.34
MinimumVisualStudioVersion = 10.0.40219.1
Project("{FAE04EC0-301F-11D3-BF4B-00C04F79EFBC}") = "Assembly-CSharp", "Assembly-CSharp.csproj", "{B0E29050-C139-140F-890E-EA6606F64761}"
EndProject
Project("{FAE04EC0-301F-11D3-BF4B-00C04F79EFBC}") = "Assembly-CSharp-Editor", "Assembly-CSharp-Editor.csproj", "{2BA011A5-E274-4DCB-8B3B-17167CE41836}"
EndProject
Global
	GlobalSection(SolutionConfigurationPlatforms) = preSolution
		Debug|Any CPU = Debug|Any CPU
		Release|Any CPU = Release|Any CPU
	EndGlobalSection
	GlobalSection(ProjectConfigurationPlatforms) = postSolution
		{B0E29050-C139-140F-890E-EA6606F64761}.Debug|Any CPU.ActiveCfg = Debug|Any CPU
		{B0E29050-C139-140F-890E-EA6606F64761}.Debug|Any CPU.Build.0 = Debug|Any CPU
		{B0E29050-C139-140F-890E-EA6606F64761}.Release|Any CPU.ActiveCfg = Release|Any CPU
		{B0E29050-C139-140F-890E-EA6606F64761}.Release|Any CPU.Build.0 = Release|Any CPU
		{2BA011A5-E274-4DCB-8B3B-17167CE41836}.Debug|Any CPU.ActiveCfg = Debug|Any CPU
		{2BA011A5-E274-4DCB-8B3B-17167CE41836}.Debug|Any CPU.Build.0 = Debug|Any CPU
		{2BA011A5-E274-4DCB-8B3B-17167CE41836}.Release|Any CPU.ActiveCfg = Release|Any CPU
		{2BA011A5-E274-4DCB-8B3B-17167CE41836}.Release|Any CPU.Build.0 = Release|Any CPU
	EndGlobalSection
	GlobalSection(SolutionProperties) = preSolution
		HideSolutionNode = FALSE
	EndGlobalSection
	GlobalSection(ExtensibilityGlobals) = postSolution
		SolutionGuid = {77D57171-E3EA-4E7E-868B-4A44913F17DD}
	EndGlobalSection
EndGlobal
