
Microsoft Visual Studio Solution File, Format Version 12.00
# Visual Studio 15
Project("{FAE04EC0-301F-11D3-BF4B-00C04F79EFBC}") = "Assembly-CSharp", "Assembly-CSharp.csproj", "{B0E29050-C139-140F-890E-EA6606F64761}"
EndProject
Project("{FAE04EC0-301F-11D3-BF4B-00C04F79EFBC}") = "Assembly-CSharp-Editor", "Assembly-CSharp-Editor.csproj", "{40D1CF45-5C3C-6084-15F0-1848362B5392}"
EndProject
Global
	GlobalSection(SolutionConfigurationPlatforms) = preSolution
		Debug|Any CPU = Debug|Any CPU
		Release|Any CPU = Release|Any CPU
	EndGlobalSection
	GlobalSection(ProjectConfigurationPlatforms) = postSolution
		{B0E29050-C139-140F-890E-EA6606F64761}.Debug|Any CPU.ActiveCfg = Debug|Any CPU
		{B0E29050-C139-140F-890E-EA6606F64761}.Debug|Any CPU.Build.0 = Debug|Any CPU
		{B0E29050-C139-140F-890E-EA6606F64761}.Release|Any CPU.ActiveCfg = Release|Any CPU
		{B0E29050-C139-140F-890E-EA6606F64761}.Release|Any CPU.Build.0 = Release|Any CPU
		{40D1CF45-5C3C-6084-15F0-1848362B5392}.Debug|Any CPU.ActiveCfg = Debug|Any CPU
		{40D1CF45-5C3C-6084-15F0-1848362B5392}.Debug|Any CPU.Build.0 = Debug|Any CPU
		{40D1CF45-5C3C-6084-15F0-1848362B5392}.Release|Any CPU.ActiveCfg = Release|Any CPU
		{40D1CF45-5C3C-6084-15F0-1848362B5392}.Release|Any CPU.Build.0 = Release|Any CPU
	EndGlobalSection
	GlobalSection(SolutionProperties) = preSolution
		HideSolutionNode = FALSE
	EndGlobalSection
EndGlobal
